{
  "nodes": {
    "android2nix": {
      "inputs": {
        "devshell-flake": "devshell-flake",
        "flake-utils": "flake-utils",
        "nixpkgs": "nixpkgs"
      },
      "locked": {
        "lastModified": 1632692481,
        "narHash": "sha256-1aDe6aFP9T2qm41KVNQ0xSi+WnYw/NysyxjWYVUkD1Q=",
        "owner": "Mazurel",
        "repo": "android2nix",
        "rev": "23701c4278c090801ce5a94bc991a19574204f92",
        "type": "github"
      },
      "original": {
        "owner": "Mazurel",
        "repo": "android2nix",
        "type": "github"
      }
    },
    "briar": {
      "flake": false,
      "locked": {
        "lastModified": 1630420691,
        "narHash": "sha256-Uh8QiAoso+xObo4BZRiACmgI7hWgRgvP3ev9zvHJYgM=",
        "ref": "master",
        "rev": "807677532c084a83c9e5943fa550fc7a906dc1df",
        "revCount": 6469,
        "type": "git",
        "url": "https://code.briarproject.org/briar/briar.git"
      },
      "original": {
        "type": "git",
        "url": "https://code.briarproject.org/briar/briar.git"
      }
    },
    "devshell-flake": {
      "locked": {
        "lastModified": 1631528035,
        "narHash": "sha256-ZV4+WsrF1uaAOM2ynGzWD5dCmrWpKc+Rj1hZkodEPQY=",
        "owner": "numtide",
        "repo": "devshell",
        "rev": "dd0d585d2ed42b9d226673dd56d4fe2dfd0bf0dc",
        "type": "github"
      },
      "original": {
        "owner": "numtide",
        "repo": "devshell",
        "type": "github"
      }
    },
    "flake-utils": {
      "locked": {
        "lastModified": 1631561581,
        "narHash": "sha256-3VQMV5zvxaVLvqqUrNz3iJelLw30mIVSfZmAaauM3dA=",
        "owner": "numtide",
        "repo": "flake-utils",
        "rev": "7e5bf3925f6fbdfaf50a2a7ca0be2879c4261d19",
        "type": "github"
      },
      "original": {
        "owner": "numtide",
        "repo": "flake-utils",
        "type": "github"
      }
    },
    "nixpkgs": {
      "locked": {
        "lastModified": 1631962327,
        "narHash": "sha256-h2fgtNHozEcB42BQ1QVWAJUpQ1FA3gpgq/RrOKAxbfE=",
        "owner": "NixOS",
        "repo": "nixpkgs",
        "rev": "bc9b956714ed6eac5f8888322aac5bc41389defa",
        "type": "github"
      },
      "original": {
        "owner": "NixOS",
        "ref": "nixos-unstable",
        "repo": "nixpkgs",
        "type": "github"
      }
    },
    "root": {
      "inputs": {
        "android2nix": "android2nix",
        "briar": "briar"
      }
    }
  },
  "root": "root",
  "version": 7
}
